// !$*UTF8*$!
{
	archiveVersion = 1;
	classes = {
	};
	objectVersion = 46;
	objects = {

/* Begin PBXBuildFile section */
		48F770FF1EF3458A00DF1227 /* AppDelegate.swift in Sources */ = {isa = PBXBuildFile; fileRef = 48F770FE1EF3458A00DF1227 /* AppDelegate.swift */; };
		48F771011EF3458A00DF1227 /* CustomCollectionViewController.swift in Sources */ = {isa = PBXBuildFile; fileRef = 48F771001EF3458A00DF1227 /* CustomCollectionViewController.swift */; };
		48F771061EF3458A00DF1227 /* Assets.xcassets in Resources */ = {isa = PBXBuildFile; fileRef = 48F771051EF3458A00DF1227 /* Assets.xcassets */; };
		48F771091EF3458A00DF1227 /* LaunchScreen.storyboard in Resources */ = {isa = PBXBuildFile; fileRef = 48F771071EF3458A00DF1227 /* LaunchScreen.storyboard */; };
/* End PBXBuildFile section */

/* Begin PBXFileReference section */
		48F770FB1EF3458A00DF1227 /* programOne.app */ = {isa = PBXFileReference; explicitFileType = wrapper.application; includeInIndex = 0; path = programOne.app; sourceTree = BUILT_PRODUCTS_DIR; };
		48F770FE1EF3458A00DF1227 /* AppDelegate.swift */ = {isa = PBXFileReference; lastKnownFileType = sourcecode.swift; path = AppDelegate.swift; sourceTree = "<group>"; };
		48F771001EF3458A00DF1227 /* CustomCollectionViewController.swift */ = {isa = PBXFileReference; lastKnownFileType = sourcecode.swift; path = CustomCollectionViewController.swift; sourceTree = "<group>"; };
		48F771051EF3458A00DF1227 /* Assets.xcassets */ = {isa = PBXFileReference; lastKnownFileType = folder.assetcatalog; path = Assets.xcassets; sourceTree = "<group>"; };
		48F771081EF3458A00DF1227 /* Base */ = {isa = PBXFileReference; lastKnownFileType = file.storyboard; name = Base; path = Base.lproj/LaunchScreen.storyboard; sourceTree = "<group>"; };
		48F7710A1EF3458A00DF1227 /* Info.plist */ = {isa = PBXFileReference; lastKnownFileType = text.plist.xml; path = Info.plist; sourceTree = "<group>"; };
/* End PBXFileReference section */

/* Begin PBXFrameworksBuildPhase section */
		48F770F81EF3458A00DF1227 /* Frameworks */ = {
			isa = PBXFrameworksBuildPhase;
			buildActionMask = 2147483647;
			files = (
			);
			runOnlyForDeploymentPostprocessing = 0;
		};
/* End PBXFrameworksBuildPhase section */

/* Begin PBXGroup section */
		48C8F05F1EF3488400B4BA09 /* Supporting Files */ = {
			isa = PBXGroup;
			children = (
				48F771071EF3458A00DF1227 /* LaunchScreen.storyboard */,
				48F771051EF3458A00DF1227 /* Assets.xcassets */,
				48F770FE1EF3458A00DF1227 /* AppDelegate.swift */,
			);
			name = "Supporting Files";
			sourceTree = "<group>";
		};
		48F770F21EF3458A00DF1227 = {
			isa = PBXGroup;
			children = (
				48F770FD1EF3458A00DF1227 /* programOne */,
				48F770FC1EF3458A00DF1227 /* Products */,
			);
			sourceTree = "<group>";
		};
		48F770FC1EF3458A00DF1227 /* Products */ = {
			isa = PBXGroup;
			children = (
				48F770FB1EF3458A00DF1227 /* programOne.app */,
			);
			name = Products;
			sourceTree = "<group>";
		};
		48F770FD1EF3458A00DF1227 /* programOne */ = {
			isa = PBXGroup;
			children = (
				48C8F05F1EF3488400B4BA09 /* Supporting Files */,
				48F771001EF3458A00DF1227 /* CustomCollectionViewController.swift */,
				48F7710A1EF3458A00DF1227 /* Info.plist */,
			);
			path = programOne;
			sourceTree = "<group>";
		};
/* End PBXGroup section */

/* Begin PBXNativeTarget section */
		48F770FA1EF3458A00DF1227 /* programOne */ = {
			isa = PBXNativeTarget;
			buildConfigurationList = 48F7710D1EF3458A00DF1227 /* Build configuration list for PBXNativeTarget "programOne" */;
			buildPhases = (
				48F770F71EF3458A00DF1227 /* Sources */,
				48F770F81EF3458A00DF1227 /* Frameworks */,
				48F770F91EF3458A00DF1227 /* Resources */,
			);
			buildRules = (
			);
			dependencies = (
			);
			name = programOne;
			productName = programOne;
			productReference = 48F770FB1EF3458A00DF1227 /* programOne.app */;
			productType = "com.apple.product-type.application";
		};
/* End PBXNativeTarget section */

/* Begin PBXProject section */
		48F770F31EF3458A00DF1227 /* Project object */ = {
			isa = PBXProject;
			attributes = {
				LastSwiftUpdateCheck = 0830;
				LastUpgradeCheck = 0830;
				ORGANIZATIONNAME = surnan;
				TargetAttributes = {
					48F770FA1EF3458A00DF1227 = {
						CreatedOnToolsVersion = 8.3.3;
						DevelopmentTeam = S47KDE6E7N;
						ProvisioningStyle = Automatic;
					};
				};
			};
			buildConfigurationList = 48F770F61EF3458A00DF1227 /* Build configuration list for PBXProject "programOne" */;
			compatibilityVersion = "Xcode 3.2";
			developmentRegion = English;
			hasScannedForEncodings = 0;
			knownRegions = (
				en,
				Base,
			);
			mainGroup = 48F770F21EF3458A00DF1227;
			productRefGroup = 48F770FC1EF3458A00DF1227 /* Products */;
			projectDirPath = "";
			projectRoot = "";
			targets = (
				48F770FA1EF3458A00DF1227 /* programOne */,
			);
		};
/* End PBXProject section */

/* Begin PBXResourcesBuildPhase section */
		48F770F91EF3458A00DF1227 /* Resources */ = {
			isa = PBXResourcesBuildPhase;
			buildActionMask = 2147483647;
			files = (
				48F771091EF3458A00DF1227 /* LaunchScreen.storyboard in Resources */,
				48F771061EF3458A00DF1227 /* Assets.xcassets in Resources */,
			);
			runOnlyForDeploymentPostprocessing = 0;
		};
/* End PBXResourcesBuildPhase section */

/* Begin PBXSourcesBuildPhase section */
		48F770F71EF3458A00DF1227 /* Sources */ = {
			isa = PBXSourcesBuildPhase;
			buildActionMask = 2147483647;
			files = (
				48F771011EF3458A00DF1227 /* CustomCollectionViewController.swift in Sources */,
				48F770FF1EF3458A00DF1227 /* AppDelegate.swift in Sources */,
			);
			runOnlyForDeploymentPostprocessing = 0;
		};
/* End PBXSourcesBuildPhase section */

/* Begin PBXVariantGroup section */
		48F771071EF3458A00DF1227 /* LaunchScreen.storyboard */ = {
			isa = PBXVariantGroup;
			children = (
				48F771081EF3458A00DF1227 /* Base */,
			);
			name = LaunchScreen.storyboard;
			sourceTree = "<group>";
		};
/* End PBXVariantGroup section */

/* Begin XCBuildConfiguration section */
		48F7710B1EF3458A00DF1227 /* Debug */ = {
			isa = XCBuildConfiguration;
			buildSettings = {
				ALWAYS_SEARCH_USER_PATHS = NO;
				CLANG_ANALYZER_NONNULL = YES;
				CLANG_ANALYZER_NUMBER_OBJECT_CONVERSION = YES_AGGRESSIVE;
				CLANG_CXX_LANGUAGE_STANDARD = "gnu++0x";
				CLANG_CXX_LIBRARY = "libc++";
				CLANG_ENABLE_MODULES = YES;
				CLANG_ENABLE_OBJC_ARC = YES;
				CLANG_WARN_BOOL_CONVERSION = YES;
				CLANG_WARN_CONSTANT_CONVERSION = YES;
				CLANG_WARN_DIRECT_OBJC_ISA_USAGE = YES_ERROR;
				CLANG_WARN_DOCUMENTATION_COMMENTS = YES;
				CLANG_WARN_EMPTY_BODY = YES;
				CLANG_WARN_ENUM_CONVERSION = YES;
				CLANG_WARN_INFINITE_RECURSION = YES;
				CLANG_WARN_INT_CONVERSION = YES;
				CLANG_WARN_OBJC_ROOT_CLASS = YES_ERROR;
				CLANG_WARN_SUSPICIOUS_MOVE = YES;
				CLANG_WARN_UNREACHABLE_CODE = YES;
				CLANG_WARN__DUPLICATE_METHOD_MATCH = YES;
				"CODE_SIGN_IDENTITY[sdk=iphoneos*]" = "iPhone Developer";
				COPY_PHASE_STRIP = NO;
				DEBUG_INFORMATION_FORMAT = dwarf;
				ENABLE_STRICT_OBJC_MSGSEND = YES;
				ENABLE_TESTABILITY = YES;
				GCC_C_LANGUAGE_STANDARD = gnu99;
				GCC_DYNAMIC_NO_PIC = NO;
				GCC_NO_COMMON_BLOCKS = YES;
				GCC_OPTIMIZATION_LEVEL = 0;
				GCC_PREPROCESSOR_DEFINITIONS = (
					"DEBUG=1",
					"$(inherited)",
				);
				GCC_WARN_64_TO_32_BIT_CONVERSION = YES;
				GCC_WARN_ABOUT_RETURN_TYPE = YES_ERROR;
				GCC_WARN_UNDECLARED_SELECTOR = YES;
				GCC_WARN_UNINITIALIZED_AUTOS = YES_AGGRESSIVE;
				GCC_WARN_UNUSED_FUNCTION = YES;
				GCC_WARN_UNUSED_VARIABLE = YES;
				IPHONEOS_DEPLOYMENT_TARGET = 10.3;
				MTL_ENABLE_DEBUG_INFO = YES;
				ONLY_ACTIVE_ARCH = YES;
				SDKROOT = iphoneos;
				SWIFT_ACTIVE_COMPILATION_CONDITIONS = DEBUG;
				SWIFT_OPTIMIZATION_LEVEL = "-Onone";
				TARGETED_DEVICE_FAMILY = "1,2";
			};
			name = Debug;
		};
		48F7710C1EF3458A00DF1227 /* Release */ = {
			isa = XCBuildConfiguration;
			buildSettings = {
				ALWAYS_SEARCH_USER_PATHS = NO;
				CLANG_ANALYZER_NONNULL = YES;
				CLANG_ANALYZER_NUMBER_OBJECT_CONVERSION = YES_AGGRESSIVE;
				CLANG_CXX_LANGUAGE_STANDARD = "gnu++0x";
				CLANG_CXX_LIBRARY = "libc++";
				CLANG_ENABLE_MODULES = YES;
				CLANG_ENABLE_OBJC_ARC = YES;
				CLANG_WARN_BOOL_CONVERSION = YES;
				CLANG_WARN_CONSTANT_CONVERSION = YES;
				CLANG_WARN_DIRECT_OBJC_ISA_USAGE = YES_ERROR;
				CLANG_WARN_DOCUMENTATION_COMMENTS = YES;
				CLANG_WARN_EMPTY_BODY = YES;
				CLANG_WARN_ENUM_CONVERSION = YES;
				CLANG_WARN_INFINITE_RECURSION = YES;
				CLANG_WARN_INT_CONVERSION = YES;
				CLANG_WARN_OBJC_ROOT_CLASS = YES_ERROR;
				CLANG_WARN_SUSPICIOUS_MOVE = YES;
				CLANG_WARN_UNREACHABLE_CODE = YES;
				CLANG_WARN__DUPLICATE_METHOD_MATCH = YES;
				"CODE_SIGN_IDENTITY[sdk=iphoneos*]" = "iPhone Developer";
				COPY_PHASE_STRIP = NO;
				DEBUG_INFORMATION_FORMAT = "dwarf-with-dsym";
				ENABLE_NS_ASSERTIONS = NO;
				ENABLE_STRICT_OBJC_MSGSEND = YES;
				GCC_C_LANGUAGE_STANDARD = gnu99;
				GCC_NO_COMMON_BLOCKS = YES;
				GCC_WARN_64_TO_32_BIT_CONVERSION = YES;
				GCC_WARN_ABOUT_RETURN_TYPE = YES_ERROR;
				GCC_WARN_UNDECLARED_SELECTOR = YES;
				GCC_WARN_UNINITIALIZED_AUTOS = YES_AGGRESSIVE;
				GCC_WARN_UNUSED_FUNCTION = YES;
				GCC_WARN_UNUSED_VARIABLE = YES;
				IPHONEOS_DEPLOYMENT_TARGET = 10.3;
				MTL_ENABLE_DEBUG_INFO = NO;
				SDKROOT = iphoneos;
				SWIFT_OPTIMIZATION_LEVEL = "-Owholemodule";
				TARGETED_DEVICE_FAMILY = "1,2";
				VALIDATE_PRODUCT = YES;
			};
			name = Release;
		};
		48F7710E1EF3458A00DF1227 /* Debug */ = {
			isa = XCBuildConfiguration;
			buildSettings = {
				ASSETCATALOG_COMPILER_APPICON_NAME = AppIcon;
				DEVELOPMENT_TEAM = S47KDE6E7N;
				INFOPLIST_FILE = programOne/Info.plist;
				LD_RUNPATH_SEARCH_PATHS = "$(inherited) @executable_path/Frameworks";
				PRODUCT_BUNDLE_IDENTIFIER = sn.programOne;
				PRODUCT_NAME = "$(TARGET_NAME)";
				SWIFT_VERSION = 3.0;
			};
			name = Debug;
		};
		48F7710F1EF3458A00DF1227 /* Release */ = {
			isa = XCBuildConfiguration;
			buildSettings = {
				ASSETCATALOG_COMPILER_APPICON_NAME = AppIcon;
				DEVELOPMENT_TEAM = S47KDE6E7N;
				INFOPLIST_FILE = programOne/Info.plist;
				LD_RUNPATH_SEARCH_PATHS = "$(inherited) @executable_path/Frameworks";
				PRODUCT_BUNDLE_IDENTIFIER = sn.programOne;
				PRODUCT_NAME = "$(TARGET_NAME)";
				SWIFT_VERSION = 3.0;
			};
			name = Release;
		};
/* End XCBuildConfiguration section */

/* Begin XCConfigurationList section */
		48F770F61EF3458A00DF1227 /* Build configuration list for PBXProject "programOne" */ = {
			isa = XCConfigurationList;
			buildConfigurations = (
				48F7710B1EF3458A00DF1227 /* Debug */,
				48F7710C1EF3458A00DF1227 /* Release */,
			);
			defaultConfigurationIsVisible = 0;
			defaultConfigurationName = Release;
		};
		48F7710D1EF3458A00DF1227 /* Build configuration list for PBXNativeTarget "programOne" */ = {
			isa = XCConfigurationList;
			buildConfigurations = (
				48F7710E1EF3458A00DF1227 /* Debug */,
				48F7710F1EF3458A00DF1227 /* Release */,
			);
			defaultConfigurationIsVisible = 0;
			defaultConfigurationName = Release;
		};
/* End XCConfigurationList section */
	};
	rootObject = 48F770F31EF3458A00DF1227 /* Project object */;
}
